
Microsoft Visual Studio Solution File, Format Version 12.00
# Visual Studio Version 17
VisualStudioVersion = 17.9.34728.123
MinimumVisualStudioVersion = 10.0.40219.1
Project("{FAE04EC0-301F-11D3-BF4B-00C04F79EFBC}") = "friday", "friday\friday.csproj", "{FFF9F4C8-2798-4606-89D6-0020AE8D36EB}"
EndProject
Global
	GlobalSection(SolutionConfigurationPlatforms) = preSolution
		Debug|Any CPU = Debug|Any CPU
		Release|Any CPU = Release|Any CPU
	EndGlobalSection
	GlobalSection(ProjectConfigurationPlatforms) = postSolution
		{FFF9F4C8-2798-4606-89D6-0020AE8D36EB}.Debug|Any CPU.ActiveCfg = Debug|Any CPU
		{FFF9F4C8-2798-4606-89D6-0020AE8D36EB}.Debug|Any CPU.Build.0 = Debug|Any CPU
		{FFF9F4C8-2798-4606-89D6-0020AE8D36EB}.Release|Any CPU.ActiveCfg = Release|Any CPU
		{FFF9F4C8-2798-4606-89D6-0020AE8D36EB}.Release|Any CPU.Build.0 = Release|Any CPU
	EndGlobalSection
	GlobalSection(SolutionProperties) = preSolution
		HideSolutionNode = FALSE
	EndGlobalSection
	GlobalSection(ExtensibilityGlobals) = postSolution
		SolutionGuid = {0B493F83-9404-46B8-A796-7142C00A1BA2}
	EndGlobalSection
EndGlobal
